
Microsoft Visual Studio Solution File, Format Version 12.00
# Visual Studio Version 16
VisualStudioVersion = 16.0.30002.166
MinimumVisualStudioVersion = 10.0.40219.1
Project("{FAE04EC0-301F-11D3-BF4B-00C04F79EFBC}") = "Novetta Interview", "Novetta Interview\Novetta Interview.csproj", "{A851FC91-A516-4B94-BB59-61072FE4F425}"
EndProject
Global
	GlobalSection(SolutionConfigurationPlatforms) = preSolution
		Debug|Any CPU = Debug|Any CPU
		Release|Any CPU = Release|Any CPU
	EndGlobalSection
	GlobalSection(ProjectConfigurationPlatforms) = postSolution
		{A851FC91-A516-4B94-BB59-61072FE4F425}.Debug|Any CPU.ActiveCfg = Debug|Any CPU
		{A851FC91-A516-4B94-BB59-61072FE4F425}.Debug|Any CPU.Build.0 = Debug|Any CPU
		{A851FC91-A516-4B94-BB59-61072FE4F425}.Release|Any CPU.ActiveCfg = Release|Any CPU
		{A851FC91-A516-4B94-BB59-61072FE4F425}.Release|Any CPU.Build.0 = Release|Any CPU
	EndGlobalSection
	GlobalSection(SolutionProperties) = preSolution
		HideSolutionNode = FALSE
	EndGlobalSection
	GlobalSection(ExtensibilityGlobals) = postSolution
		SolutionGuid = {E8F5D58F-DCF5-4F60-A7D8-3F5D91A8ABFB}
	EndGlobalSection
EndGlobal
