
Microsoft Visual Studio Solution File, Format Version 12.00
# Visual Studio Version 16
VisualStudioVersion = 16.0.29806.167
MinimumVisualStudioVersion = 10.0.40219.1
Project("{FAE04EC0-301F-11D3-BF4B-00C04F79EFBC}") = "Algorithms", "Algorithms\Algorithms.csproj", "{B2D3C3BD-48AD-4BA6-BB27-91327CF5A83D}"
EndProject
Global
	GlobalSection(SolutionConfigurationPlatforms) = preSolution
		Debug|Any CPU = Debug|Any CPU
		Release|Any CPU = Release|Any CPU
	EndGlobalSection
	GlobalSection(ProjectConfigurationPlatforms) = postSolution
		{B2D3C3BD-48AD-4BA6-BB27-91327CF5A83D}.Debug|Any CPU.ActiveCfg = Debug|Any CPU
		{B2D3C3BD-48AD-4BA6-BB27-91327CF5A83D}.Debug|Any CPU.Build.0 = Debug|Any CPU
		{B2D3C3BD-48AD-4BA6-BB27-91327CF5A83D}.Release|Any CPU.ActiveCfg = Release|Any CPU
		{B2D3C3BD-48AD-4BA6-BB27-91327CF5A83D}.Release|Any CPU.Build.0 = Release|Any CPU
	EndGlobalSection
	GlobalSection(SolutionProperties) = preSolution
		HideSolutionNode = FALSE
	EndGlobalSection
	GlobalSection(ExtensibilityGlobals) = postSolution
		SolutionGuid = {3444E580-9E71-42F5-8F34-DDE15632FA43}
	EndGlobalSection
EndGlobal
