
Microsoft Visual Studio Solution File, Format Version 12.00
# Visual Studio Version 16
VisualStudioVersion = 16.0.29806.167
MinimumVisualStudioVersion = 10.0.40219.1
Project("{FAE04EC0-301F-11D3-BF4B-00C04F79EFBC}") = "Threading", "Threading\Threading.csproj", "{2934F71E-59A9-4620-9A46-5431B7E4CCEE}"
EndProject
Global
	GlobalSection(SolutionConfigurationPlatforms) = preSolution
		Debug|Any CPU = Debug|Any CPU
		Release|Any CPU = Release|Any CPU
	EndGlobalSection
	GlobalSection(ProjectConfigurationPlatforms) = postSolution
		{2934F71E-59A9-4620-9A46-5431B7E4CCEE}.Debug|Any CPU.ActiveCfg = Debug|Any CPU
		{2934F71E-59A9-4620-9A46-5431B7E4CCEE}.Debug|Any CPU.Build.0 = Debug|Any CPU
		{2934F71E-59A9-4620-9A46-5431B7E4CCEE}.Release|Any CPU.ActiveCfg = Release|Any CPU
		{2934F71E-59A9-4620-9A46-5431B7E4CCEE}.Release|Any CPU.Build.0 = Release|Any CPU
	EndGlobalSection
	GlobalSection(SolutionProperties) = preSolution
		HideSolutionNode = FALSE
	EndGlobalSection
	GlobalSection(ExtensibilityGlobals) = postSolution
		SolutionGuid = {60FECA99-D0F1-468B-A900-92463D297DD0}
	EndGlobalSection
EndGlobal
