
Microsoft Visual Studio Solution File, Format Version 12.00
# Visual Studio Version 16
VisualStudioVersion = 16.0.29806.167
MinimumVisualStudioVersion = 10.0.40219.1
Project("{FAE04EC0-301F-11D3-BF4B-00C04F79EFBC}") = "Techinical 8 APR", "Techinical 8 APR\Techinical 8 APR.csproj", "{5E4674BA-2E00-4653-ADC7-36838B88831B}"
EndProject
Global
	GlobalSection(SolutionConfigurationPlatforms) = preSolution
		Debug|Any CPU = Debug|Any CPU
		Release|Any CPU = Release|Any CPU
	EndGlobalSection
	GlobalSection(ProjectConfigurationPlatforms) = postSolution
		{5E4674BA-2E00-4653-ADC7-36838B88831B}.Debug|Any CPU.ActiveCfg = Debug|Any CPU
		{5E4674BA-2E00-4653-ADC7-36838B88831B}.Debug|Any CPU.Build.0 = Debug|Any CPU
		{5E4674BA-2E00-4653-ADC7-36838B88831B}.Release|Any CPU.ActiveCfg = Release|Any CPU
		{5E4674BA-2E00-4653-ADC7-36838B88831B}.Release|Any CPU.Build.0 = Release|Any CPU
	EndGlobalSection
	GlobalSection(SolutionProperties) = preSolution
		HideSolutionNode = FALSE
	EndGlobalSection
	GlobalSection(ExtensibilityGlobals) = postSolution
		SolutionGuid = {E720B239-DB64-4A41-BFAC-AED72DC85689}
	EndGlobalSection
EndGlobal
